
Microsoft Visual Studio Solution File, Format Version 12.00
# Visual Studio Version 16
VisualStudioVersion = 16.0.29123.88
MinimumVisualStudioVersion = 10.0.40219.1
Project("{FAE04EC0-301F-11D3-BF4B-00C04F79EFBC}") = "ClientMetro", "ClientMetro\ClientMetro.csproj", "{7F876BE0-C005-4F88-ADDA-5C8B096E790F}"
EndProject
Global
	GlobalSection(SolutionConfigurationPlatforms) = preSolution
		Debug|Any CPU = Debug|Any CPU
		Release|Any CPU = Release|Any CPU
	EndGlobalSection
	GlobalSection(ProjectConfigurationPlatforms) = postSolution
		{7F876BE0-C005-4F88-ADDA-5C8B096E790F}.Debug|Any CPU.ActiveCfg = Debug|Any CPU
		{7F876BE0-C005-4F88-ADDA-5C8B096E790F}.Debug|Any CPU.Build.0 = Debug|Any CPU
		{7F876BE0-C005-4F88-ADDA-5C8B096E790F}.Release|Any CPU.ActiveCfg = Release|Any CPU
		{7F876BE0-C005-4F88-ADDA-5C8B096E790F}.Release|Any CPU.Build.0 = Release|Any CPU
	EndGlobalSection
	GlobalSection(SolutionProperties) = preSolution
		HideSolutionNode = FALSE
	EndGlobalSection
	GlobalSection(ExtensibilityGlobals) = postSolution
		SolutionGuid = {FD5FDF90-C6C7-4D82-85F7-9FEE015209AE}
	EndGlobalSection
EndGlobal
